
Microsoft Visual Studio Solution File, Format Version 12.00
# Visual Studio Version 16
VisualStudioVersion = 16.0.30804.86
MinimumVisualStudioVersion = 10.0.40219.1
Project("{FAE04EC0-301F-11D3-BF4B-00C04F79EFBC}") = "78.Kafe21", "78.Kafe21\78.Kafe21.csproj", "{BDA91369-874F-4BF7-82E8-98151D9AA4D8}"
EndProject
Project("{FAE04EC0-301F-11D3-BF4B-00C04F79EFBC}") = "Kafe21.Data", "Kafe21.Data\Kafe21.Data.csproj", "{A251D828-19BA-4F74-AAF5-A69B1F670A82}"
EndProject
Global
	GlobalSection(SolutionConfigurationPlatforms) = preSolution
		Debug|Any CPU = Debug|Any CPU
		Release|Any CPU = Release|Any CPU
	EndGlobalSection
	GlobalSection(ProjectConfigurationPlatforms) = postSolution
		{BDA91369-874F-4BF7-82E8-98151D9AA4D8}.Debug|Any CPU.ActiveCfg = Debug|Any CPU
		{BDA91369-874F-4BF7-82E8-98151D9AA4D8}.Debug|Any CPU.Build.0 = Debug|Any CPU
		{BDA91369-874F-4BF7-82E8-98151D9AA4D8}.Release|Any CPU.ActiveCfg = Release|Any CPU
		{BDA91369-874F-4BF7-82E8-98151D9AA4D8}.Release|Any CPU.Build.0 = Release|Any CPU
		{A251D828-19BA-4F74-AAF5-A69B1F670A82}.Debug|Any CPU.ActiveCfg = Debug|Any CPU
		{A251D828-19BA-4F74-AAF5-A69B1F670A82}.Debug|Any CPU.Build.0 = Debug|Any CPU
		{A251D828-19BA-4F74-AAF5-A69B1F670A82}.Release|Any CPU.ActiveCfg = Release|Any CPU
		{A251D828-19BA-4F74-AAF5-A69B1F670A82}.Release|Any CPU.Build.0 = Release|Any CPU
	EndGlobalSection
	GlobalSection(SolutionProperties) = preSolution
		HideSolutionNode = FALSE
	EndGlobalSection
	GlobalSection(ExtensibilityGlobals) = postSolution
		SolutionGuid = {F03F7FD4-F4EE-4D40-90AE-1843AD096ED1}
	EndGlobalSection
EndGlobal
